github.com/ViktorJGK/funtemps v0.0.0-20230220161447-73fa06b6b88d h1:QcvpeNhnRghbuDqLZmMs4DxMXou86YYYvUF1HMPx1Zs=
github.com/ViktorJGK/funtemps v0.0.0-20230220161447-73fa06b6b88d/go.mod h1:fMbr9WWr11z9mbO16IP03R6gFKMOqfoyF7cYWjNX44w=
github.com/ViktorJGK/is105sem03 v0.0.0-20230419124243-b0ec76ea8d24 h1:sUHHsBEbzfLx5OXNjV6U54EFQQFqCFSL4hbF2pDYq5o=
github.com/ViktorJGK/is105sem03 v0.0.0-20230419124243-b0ec76ea8d24/go.mod h1:3Y3PdDFtTHMcAv/hMJdlUC8YAfxBLDCsSKhbHq2PBI0=
github.com/ViktorJGK/minyr v0.0.0-20230414102252-40ebbeb2ba7a h1:F/tvugpgctJoOPGMkqDimNcKh3SraFm4Q6h9ZBqRlAM=
github.com/ViktorJGK/minyr v0.0.0-20230414102252-40ebbeb2ba7a/go.mod h1:0txMDVzPMQD/olxOCCRYiH8dcjksrBL8fAZ5533yR48=
